
Microsoft Visual Studio Solution File, Format Version 12.00
# Visual Studio Version 16
VisualStudioVersion = 16.0.30907.101
MinimumVisualStudioVersion = 10.0.40219.1
Project("{FAE04EC0-301F-11D3-BF4B-00C04F79EFBC}") = "ThirdProject", "ThirdProject\ThirdProject.csproj", "{31122B5E-1B20-490E-A621-EDD428AF6A6F}"
EndProject
Global
	GlobalSection(SolutionConfigurationPlatforms) = preSolution
		Debug|Any CPU = Debug|Any CPU
		Release|Any CPU = Release|Any CPU
	EndGlobalSection
	GlobalSection(ProjectConfigurationPlatforms) = postSolution
		{31122B5E-1B20-490E-A621-EDD428AF6A6F}.Debug|Any CPU.ActiveCfg = Debug|Any CPU
		{31122B5E-1B20-490E-A621-EDD428AF6A6F}.Debug|Any CPU.Build.0 = Debug|Any CPU
		{31122B5E-1B20-490E-A621-EDD428AF6A6F}.Release|Any CPU.ActiveCfg = Release|Any CPU
		{31122B5E-1B20-490E-A621-EDD428AF6A6F}.Release|Any CPU.Build.0 = Release|Any CPU
	EndGlobalSection
	GlobalSection(SolutionProperties) = preSolution
		HideSolutionNode = FALSE
	EndGlobalSection
	GlobalSection(ExtensibilityGlobals) = postSolution
		SolutionGuid = {BB147764-503C-4D3A-B831-65C6832B69F5}
	EndGlobalSection
EndGlobal
